{
  "name": "Assets",
  "lockfileVersion": 3,
  "requires": true,
  "packages": {
    "": {
      "dependencies": {
        "com.unityfx.outline": "^0.8.5"
      }
    },
    "node_modules/com.unityfx.outline": {
      "version": "0.8.5",
      "resolved": "https://registry.npmjs.org/com.unityfx.outline/-/com.unityfx.outline-0.8.5.tgz",
      "integrity": "sha512-SwA2OYmfXge+xUw5ogCSNZarBnbyRNnwaDb7S7unDBpmybo+Vhu9Cz9l1HZnXqbS+nSTp5ni0bPMTxZBZNf9hQ=="
    }
  }
}
